
Microsoft Visual Studio Solution File, Format Version 11.00
# Visual Studio 2010
Project("{FAE04EC0-301F-11D3-BF4B-00C04F79EFBC}") = "krishnaa", "krishnaa\krishnaa.csproj", "{AB0F824C-0607-4F10-826F-86E5F23B06B2}"
EndProject
Global
	GlobalSection(SolutionConfigurationPlatforms) = preSolution
		Debug|x86 = Debug|x86
		Release|x86 = Release|x86
	EndGlobalSection
	GlobalSection(ProjectConfigurationPlatforms) = postSolution
		{AB0F824C-0607-4F10-826F-86E5F23B06B2}.Debug|x86.ActiveCfg = Debug|x86
		{AB0F824C-0607-4F10-826F-86E5F23B06B2}.Debug|x86.Build.0 = Debug|x86
		{AB0F824C-0607-4F10-826F-86E5F23B06B2}.Release|x86.ActiveCfg = Release|x86
		{AB0F824C-0607-4F10-826F-86E5F23B06B2}.Release|x86.Build.0 = Release|x86
	EndGlobalSection
	GlobalSection(SolutionProperties) = preSolution
		HideSolutionNode = FALSE
	EndGlobalSection
EndGlobal
